{
  "name": "signpost",
  "lockfileVersion": 3,
  "requires": true,
  "packages": {
    "": {
      "dependencies": {
        "gridstack": "^12.2.2"
      }
    },
    "node_modules/gridstack": {
      "version": "12.2.2",
      "resolved": "https://registry.npmjs.org/gridstack/-/gridstack-12.2.2.tgz",
      "integrity": "sha512-eK9XAbBWQp+QniqL6ipvofWSrCelm46j5USag73LNq8tOWSL2DeeGBWU9mTibLI6i66n0r7xYS+1/g2qqTqKcw==",
      "funding": [
        {
          "type": "paypal",
          "url": "https://www.paypal.me/alaind831"
        },
        {
          "type": "venmo",
          "url": "https://www.venmo.com/adumesny"
        }
      ],
      "license": "MIT"
    }
  }
}
